
Microsoft Visual Studio Solution File, Format Version 12.00
# Visual Studio Version 16
VisualStudioVersion = 16.0.29102.190
MinimumVisualStudioVersion = 10.0.40219.1
Project("{FAE04EC0-301F-11D3-BF4B-00C04F79EFBC}") = "BowlingScoreTracker", "BowlingScoreTracker.csproj", "{A45ACB91-F726-43BB-9DCF-796E5A15FBC5}"
EndProject
Project("{FAE04EC0-301F-11D3-BF4B-00C04F79EFBC}") = "TestBowlingScoreTracker", "..\TestBowlingScoreTracker\TestBowlingScoreTracker.csproj", "{3D2A5E83-BABA-4411-B9DD-C7831CDE3071}"
EndProject
Project("{2150E333-8FDC-42A3-9474-1A3956D46DE8}") = "Solution Items", "Solution Items", "{192FF0BB-BCA0-4CAD-B223-BF3C7CF89A7B}"
	ProjectSection(SolutionItems) = preProject
		Readme.txt = Readme.txt
	EndProjectSection
EndProject
Global
	GlobalSection(SolutionConfigurationPlatforms) = preSolution
		Debug|Any CPU = Debug|Any CPU
		Release|Any CPU = Release|Any CPU
	EndGlobalSection
	GlobalSection(ProjectConfigurationPlatforms) = postSolution
		{A45ACB91-F726-43BB-9DCF-796E5A15FBC5}.Debug|Any CPU.ActiveCfg = Debug|Any CPU
		{A45ACB91-F726-43BB-9DCF-796E5A15FBC5}.Debug|Any CPU.Build.0 = Debug|Any CPU
		{A45ACB91-F726-43BB-9DCF-796E5A15FBC5}.Release|Any CPU.ActiveCfg = Release|Any CPU
		{A45ACB91-F726-43BB-9DCF-796E5A15FBC5}.Release|Any CPU.Build.0 = Release|Any CPU
		{3D2A5E83-BABA-4411-B9DD-C7831CDE3071}.Debug|Any CPU.ActiveCfg = Debug|Any CPU
		{3D2A5E83-BABA-4411-B9DD-C7831CDE3071}.Debug|Any CPU.Build.0 = Debug|Any CPU
		{3D2A5E83-BABA-4411-B9DD-C7831CDE3071}.Release|Any CPU.ActiveCfg = Release|Any CPU
		{3D2A5E83-BABA-4411-B9DD-C7831CDE3071}.Release|Any CPU.Build.0 = Release|Any CPU
	EndGlobalSection
	GlobalSection(SolutionProperties) = preSolution
		HideSolutionNode = FALSE
	EndGlobalSection
	GlobalSection(ExtensibilityGlobals) = postSolution
		SolutionGuid = {11042697-01B1-4ECD-BEE8-623B3B969AE2}
	EndGlobalSection
EndGlobal
